<?xml version="1.0" encoding="utf-8"?>
<Project ToolsVersion="4.0" xmlns="http://schemas.microsoft.com/developer/msbuild/2003">
  <ItemGroup>
    <Filter Include="Source Files">
      <UniqueIdentifier>{4FC737F1-C7A5-4376-A066-2A32D752A2FF}</UniqueIdentifier>
      <Extensions>cpp;c;cc;cxx;def;odl;idl;hpj;bat;asm;asmx</Extensions>
    </Filter>
    <Filter Include="Header Files">
      <UniqueIdentifier>{93995380-89BD-4b04-88EB-625FBE52EBFB}</UniqueIdentifier>
      <Extensions>h;hh;hpp;hxx;hm;inl;inc;xsd</Extensions>
    </Filter>
    <Filter Include="Resource Files">
      <UniqueIdentifier>{67DA6AB6-F800-4c08-8B7A-83BB121AAD01}</UniqueIdentifier>
      <Extensions>rc;ico;cur;bmp;dlg;rc2;rct;bin;rgs;gif;jpg;jpeg;jpe;resx;tiff;tif;png;wav;mfcribbon-ms</Extensions>
    </Filter>
  </ItemGroup>
  <ItemGroup>
    <ClCompile Include="MiniIEC\Parser.cpp">
      <Filter>Source Files</Filter>
    </ClCompile>
    <ClCompile Include="MiniIEC\Scanner.cpp">
      <Filter>Source Files</Filter>
    </ClCompile>
    <ClCompile Include="MiniIEC\TACGenerator.cpp">
      <Filter>Source Files</Filter>
    </ClCompile>
    <ClCompile Include="MiniIEC\main.cpp">
      <Filter>Source Files</Filter>
    </ClCompile>
    <ClCompile Include="MiniIEC\BaseType.cpp">
      <Filter>Source Files</Filter>
    </ClCompile>
    <ClCompile Include="MiniIEC\ConstIntSymbol.cpp">
      <Filter>Source Files</Filter>
    </ClCompile>
    <ClCompile Include="MiniIEC\MIECCompiler.cpp">
      <Filter>Source Files</Filter>
    </ClCompile>
    <ClCompile Include="MiniIEC\Object.cpp">
      <Filter>Source Files</Filter>
    </ClCompile>
    <ClCompile Include="MiniIEC\Symbol.cpp">
      <Filter>Source Files</Filter>
    </ClCompile>
    <ClCompile Include="MiniIEC\SymbolFactory.cpp">
      <Filter>Source Files</Filter>
    </ClCompile>
    <ClCompile Include="MiniIEC\SymbolTable.cpp">
      <Filter>Source Files</Filter>
    </ClCompile>
    <ClCompile Include="MiniIEC\TACEntry.cpp">
      <Filter>Source Files</Filter>
    </ClCompile>
    <ClCompile Include="MiniIEC\Type.cpp">
      <Filter>Source Files</Filter>
    </ClCompile>
    <ClCompile Include="MiniIEC\TypeSymbol.cpp">
      <Filter>Source Files</Filter>
    </ClCompile>
    <ClCompile Include="MiniIEC\VarSymbol.cpp">
      <Filter>Source Files</Filter>
    </ClCompile>
    <ClCompile Include="MiniIEC\CodeGenerator.cpp">
      <Filter>Source Files</Filter>
    </ClCompile>
    <ClCompile Include="MiniIEC\CodeGenProl16\CodeGenProl16.cpp">
      <Filter>Source Files</Filter>
    </ClCompile>
    <ClCompile Include="MiniIEC\AtgHelpers.cpp">
      <Filter>Source Files</Filter>
    </ClCompile>
    <ClCompile Include="MiniIEC\RegisterAdmin.cpp">
      <Filter>Source Files</Filter>
    </ClCompile>
  </ItemGroup>
  <ItemGroup>
    <ClInclude Include="MiniIEC\Parser.h">
      <Filter>Header Files</Filter>
    </ClInclude>
    <ClInclude Include="MiniIEC\Scanner.h">
      <Filter>Header Files</Filter>
    </ClInclude>
    <ClInclude Include="MiniIEC\Symbol.h">
      <Filter>Header Files</Filter>
    </ClInclude>
    <ClInclude Include="MiniIEC\TACGenerator.h">
      <Filter>Header Files</Filter>
    </ClInclude>
    <ClInclude Include="MiniIEC\BaseType.h">
      <Filter>Header Files</Filter>
    </ClInclude>
    <ClInclude Include="MiniIEC\ConstIntSymbol.h">
      <Filter>Header Files</Filter>
    </ClInclude>
    <ClInclude Include="MiniIEC\MIECCompiler.h">
      <Filter>Header Files</Filter>
    </ClInclude>
    <ClInclude Include="MiniIEC\Object.h">
      <Filter>Header Files</Filter>
    </ClInclude>
    <ClInclude Include="MiniIEC\OpKind.h">
      <Filter>Header Files</Filter>
    </ClInclude>
    <ClInclude Include="MiniIEC\SymbolFactory.h">
      <Filter>Header Files</Filter>
    </ClInclude>
    <ClInclude Include="MiniIEC\SymbolTable.h">
      <Filter>Header Files</Filter>
    </ClInclude>
    <ClInclude Include="MiniIEC\TACEntry.h">
      <Filter>Header Files</Filter>
    </ClInclude>
    <ClInclude Include="MiniIEC\Type.h">
      <Filter>Header Files</Filter>
    </ClInclude>
    <ClInclude Include="MiniIEC\TypeSymbol.h">
      <Filter>Header Files</Filter>
    </ClInclude>
    <ClInclude Include="MiniIEC\VarSymbol.h">
      <Filter>Header Files</Filter>
    </ClInclude>
    <ClInclude Include="MiniIEC\CodeGenerator.h">
      <Filter>Header Files</Filter>
    </ClInclude>
    <ClInclude Include="MiniIEC\CodeGenProl16\CodeGenProl16.h">
      <Filter>Header Files</Filter>
    </ClInclude>
    <ClInclude Include="MiniIEC\CodeGenProl16\GlobalDef.h">
      <Filter>Header Files</Filter>
    </ClInclude>
    <ClInclude Include="MiniIEC\AtgHelpers.h">
      <Filter>Header Files</Filter>
    </ClInclude>
    <ClInclude Include="MiniIEC\RegisterAdmin.h">
      <Filter>Header Files</Filter>
    </ClInclude>
  </ItemGroup>
</Project>